// !$*UTF8*$!
{
	archiveVersion = 1;
	classes = {
	};
	objectVersion = 50;
	objects = {

/* Begin PBXBuildFile section */
		F334F707260AA90F00CD5848 /* AppDelegate.swift in Sources */ = {isa = PBXBuildFile; fileRef = F334F706260AA90F00CD5848 /* AppDelegate.swift */; };
		F334F709260AA90F00CD5848 /* SceneDelegate.swift in Sources */ = {isa = PBXBuildFile; fileRef = F334F708260AA90F00CD5848 /* SceneDelegate.swift */; };
		F334F70E260AA90F00CD5848 /* Main.storyboard in Resources */ = {isa = PBXBuildFile; fileRef = F334F70C260AA90F00CD5848 /* Main.storyboard */; };
		F334F710260AA91000CD5848 /* Assets.xcassets in Resources */ = {isa = PBXBuildFile; fileRef = F334F70F260AA91000CD5848 /* Assets.xcassets */; };
		F334F713260AA91000CD5848 /* LaunchScreen.storyboard in Resources */ = {isa = PBXBuildFile; fileRef = F334F711260AA91000CD5848 /* LaunchScreen.storyboard */; };
		F334F71E260AA91000CD5848 /* TranzacTests.swift in Sources */ = {isa = PBXBuildFile; fileRef = F334F71D260AA91000CD5848 /* TranzacTests.swift */; };
		F334F729260AA91000CD5848 /* TranzacUITests.swift in Sources */ = {isa = PBXBuildFile; fileRef = F334F728260AA91000CD5848 /* TranzacUITests.swift */; };
		F334F73A260AA9B700CD5848 /* README.md in Resources */ = {isa = PBXBuildFile; fileRef = F334F739260AA9B600CD5848 /* README.md */; };
		F334F747260ABA8400CD5848 /* TCBankAccountListVC.swift in Sources */ = {isa = PBXBuildFile; fileRef = F334F746260ABA8400CD5848 /* TCBankAccountListVC.swift */; };
		F334F751260ABBDE00CD5848 /* ServiceManager.swift in Sources */ = {isa = PBXBuildFile; fileRef = F334F750260ABBDE00CD5848 /* ServiceManager.swift */; };
		F334F759260ABC5200CD5848 /* AccountListModel.swift in Sources */ = {isa = PBXBuildFile; fileRef = F334F758260ABC5200CD5848 /* AccountListModel.swift */; };
		F334F75F260ABD8800CD5848 /* Reachability.swift in Sources */ = {isa = PBXBuildFile; fileRef = F334F75E260ABD8800CD5848 /* Reachability.swift */; };
		F334F767260ABDD500CD5848 /* Constants.swift in Sources */ = {isa = PBXBuildFile; fileRef = F334F766260ABDD500CD5848 /* Constants.swift */; };
		F334F76F260AC1B300CD5848 /* AccountListTVCell.swift in Sources */ = {isa = PBXBuildFile; fileRef = F334F76E260AC1B300CD5848 /* AccountListTVCell.swift */; };
		F334F777260AD53000CD5848 /* AccountListTVCell.xib in Resources */ = {isa = PBXBuildFile; fileRef = F334F776260AD53000CD5848 /* AccountListTVCell.xib */; };
		F334F77C260B2FB500CD5848 /* Alert.swift in Sources */ = {isa = PBXBuildFile; fileRef = F334F77B260B2FB500CD5848 /* Alert.swift */; };
		F334F781260B300000CD5848 /* UIViewController.swift in Sources */ = {isa = PBXBuildFile; fileRef = F334F780260B300000CD5848 /* UIViewController.swift */; };
/* End PBXBuildFile section */

/* Begin PBXContainerItemProxy section */
		F334F71A260AA91000CD5848 /* PBXContainerItemProxy */ = {
			isa = PBXContainerItemProxy;
			containerPortal = F334F6FB260AA90F00CD5848 /* Project object */;
			proxyType = 1;
			remoteGlobalIDString = F334F702260AA90F00CD5848;
			remoteInfo = Tranzac;
		};
		F334F725260AA91000CD5848 /* PBXContainerItemProxy */ = {
			isa = PBXContainerItemProxy;
			containerPortal = F334F6FB260AA90F00CD5848 /* Project object */;
			proxyType = 1;
			remoteGlobalIDString = F334F702260AA90F00CD5848;
			remoteInfo = Tranzac;
		};
/* End PBXContainerItemProxy section */

/* Begin PBXFileReference section */
		F334F703260AA90F00CD5848 /* Tranzac.app */ = {isa = PBXFileReference; explicitFileType = wrapper.application; includeInIndex = 0; path = Tranzac.app; sourceTree = BUILT_PRODUCTS_DIR; };
		F334F706260AA90F00CD5848 /* AppDelegate.swift */ = {isa = PBXFileReference; lastKnownFileType = sourcecode.swift; path = AppDelegate.swift; sourceTree = "<group>"; };
		F334F708260AA90F00CD5848 /* SceneDelegate.swift */ = {isa = PBXFileReference; lastKnownFileType = sourcecode.swift; path = SceneDelegate.swift; sourceTree = "<group>"; };
		F334F70D260AA90F00CD5848 /* Base */ = {isa = PBXFileReference; lastKnownFileType = file.storyboard; name = Base; path = Base.lproj/Main.storyboard; sourceTree = "<group>"; };
		F334F70F260AA91000CD5848 /* Assets.xcassets */ = {isa = PBXFileReference; lastKnownFileType = folder.assetcatalog; path = Assets.xcassets; sourceTree = "<group>"; };
		F334F712260AA91000CD5848 /* Base */ = {isa = PBXFileReference; lastKnownFileType = file.storyboard; name = Base; path = Base.lproj/LaunchScreen.storyboard; sourceTree = "<group>"; };
		F334F714260AA91000CD5848 /* Info.plist */ = {isa = PBXFileReference; lastKnownFileType = text.plist.xml; path = Info.plist; sourceTree = "<group>"; };
		F334F719260AA91000CD5848 /* TranzacTests.xctest */ = {isa = PBXFileReference; explicitFileType = wrapper.cfbundle; includeInIndex = 0; path = TranzacTests.xctest; sourceTree = BUILT_PRODUCTS_DIR; };
		F334F71D260AA91000CD5848 /* TranzacTests.swift */ = {isa = PBXFileReference; lastKnownFileType = sourcecode.swift; path = TranzacTests.swift; sourceTree = "<group>"; };
		F334F71F260AA91000CD5848 /* Info.plist */ = {isa = PBXFileReference; lastKnownFileType = text.plist.xml; path = Info.plist; sourceTree = "<group>"; };
		F334F724260AA91000CD5848 /* TranzacUITests.xctest */ = {isa = PBXFileReference; explicitFileType = wrapper.cfbundle; includeInIndex = 0; path = TranzacUITests.xctest; sourceTree = BUILT_PRODUCTS_DIR; };
		F334F728260AA91000CD5848 /* TranzacUITests.swift */ = {isa = PBXFileReference; lastKnownFileType = sourcecode.swift; path = TranzacUITests.swift; sourceTree = "<group>"; };
		F334F72A260AA91000CD5848 /* Info.plist */ = {isa = PBXFileReference; lastKnownFileType = text.plist.xml; path = Info.plist; sourceTree = "<group>"; };
		F334F739260AA9B600CD5848 /* README.md */ = {isa = PBXFileReference; fileEncoding = 4; lastKnownFileType = net.daringfireball.markdown; path = README.md; sourceTree = "<group>"; };
		F334F746260ABA8400CD5848 /* TCBankAccountListVC.swift */ = {isa = PBXFileReference; lastKnownFileType = sourcecode.swift; path = TCBankAccountListVC.swift; sourceTree = "<group>"; };
		F334F750260ABBDE00CD5848 /* ServiceManager.swift */ = {isa = PBXFileReference; lastKnownFileType = sourcecode.swift; path = ServiceManager.swift; sourceTree = "<group>"; };
		F334F758260ABC5200CD5848 /* AccountListModel.swift */ = {isa = PBXFileReference; lastKnownFileType = sourcecode.swift; path = AccountListModel.swift; sourceTree = "<group>"; };
		F334F75E260ABD8800CD5848 /* Reachability.swift */ = {isa = PBXFileReference; lastKnownFileType = sourcecode.swift; path = Reachability.swift; sourceTree = "<group>"; };
		F334F766260ABDD500CD5848 /* Constants.swift */ = {isa = PBXFileReference; lastKnownFileType = sourcecode.swift; path = Constants.swift; sourceTree = "<group>"; };
		F334F76E260AC1B300CD5848 /* AccountListTVCell.swift */ = {isa = PBXFileReference; lastKnownFileType = sourcecode.swift; path = AccountListTVCell.swift; sourceTree = "<group>"; };
		F334F776260AD53000CD5848 /* AccountListTVCell.xib */ = {isa = PBXFileReference; lastKnownFileType = file.xib; path = AccountListTVCell.xib; sourceTree = "<group>"; };
		F334F77B260B2FB500CD5848 /* Alert.swift */ = {isa = PBXFileReference; lastKnownFileType = sourcecode.swift; path = Alert.swift; sourceTree = "<group>"; };
		F334F780260B300000CD5848 /* UIViewController.swift */ = {isa = PBXFileReference; lastKnownFileType = sourcecode.swift; path = UIViewController.swift; sourceTree = "<group>"; };
/* End PBXFileReference section */

/* Begin PBXFrameworksBuildPhase section */
		F334F700260AA90F00CD5848 /* Frameworks */ = {
			isa = PBXFrameworksBuildPhase;
			buildActionMask = 2147483647;
			files = (
			);
			runOnlyForDeploymentPostprocessing = 0;
		};
		F334F716260AA91000CD5848 /* Frameworks */ = {
			isa = PBXFrameworksBuildPhase;
			buildActionMask = 2147483647;
			files = (
			);
			runOnlyForDeploymentPostprocessing = 0;
		};
		F334F721260AA91000CD5848 /* Frameworks */ = {
			isa = PBXFrameworksBuildPhase;
			buildActionMask = 2147483647;
			files = (
			);
			runOnlyForDeploymentPostprocessing = 0;
		};
/* End PBXFrameworksBuildPhase section */

/* Begin PBXGroup section */
		F334F6FA260AA90F00CD5848 = {
			isa = PBXGroup;
			children = (
				F334F739260AA9B600CD5848 /* README.md */,
				F334F705260AA90F00CD5848 /* Tranzac */,
				F334F71C260AA91000CD5848 /* TranzacTests */,
				F334F727260AA91000CD5848 /* TranzacUITests */,
				F334F704260AA90F00CD5848 /* Products */,
			);
			sourceTree = "<group>";
		};
		F334F704260AA90F00CD5848 /* Products */ = {
			isa = PBXGroup;
			children = (
				F334F703260AA90F00CD5848 /* Tranzac.app */,
				F334F719260AA91000CD5848 /* TranzacTests.xctest */,
				F334F724260AA91000CD5848 /* TranzacUITests.xctest */,
			);
			name = Products;
			sourceTree = "<group>";
		};
		F334F705260AA90F00CD5848 /* Tranzac */ = {
			isa = PBXGroup;
			children = (
				F334F706260AA90F00CD5848 /* AppDelegate.swift */,
				F334F708260AA90F00CD5848 /* SceneDelegate.swift */,
				F334F75D260ABD6E00CD5848 /* Utilities */,
				F334F74F260ABBBB00CD5848 /* Models */,
				F334F74E260ABB1C00CD5848 /* Cells */,
				F334F745260AB95A00CD5848 /* Controllers */,
				F334F73E260AB2EB00CD5848 /* Storyboards */,
				F334F70F260AA91000CD5848 /* Assets.xcassets */,
				F334F714260AA91000CD5848 /* Info.plist */,
			);
			path = Tranzac;
			sourceTree = "<group>";
		};
		F334F71C260AA91000CD5848 /* TranzacTests */ = {
			isa = PBXGroup;
			children = (
				F334F71D260AA91000CD5848 /* TranzacTests.swift */,
				F334F71F260AA91000CD5848 /* Info.plist */,
			);
			path = TranzacTests;
			sourceTree = "<group>";
		};
		F334F727260AA91000CD5848 /* TranzacUITests */ = {
			isa = PBXGroup;
			children = (
				F334F728260AA91000CD5848 /* TranzacUITests.swift */,
				F334F72A260AA91000CD5848 /* Info.plist */,
			);
			path = TranzacUITests;
			sourceTree = "<group>";
		};
		F334F73E260AB2EB00CD5848 /* Storyboards */ = {
			isa = PBXGroup;
			children = (
				F334F70C260AA90F00CD5848 /* Main.storyboard */,
				F334F711260AA91000CD5848 /* LaunchScreen.storyboard */,
			);
			path = Storyboards;
			sourceTree = "<group>";
		};
		F334F745260AB95A00CD5848 /* Controllers */ = {
			isa = PBXGroup;
			children = (
				F334F746260ABA8400CD5848 /* TCBankAccountListVC.swift */,
			);
			path = Controllers;
			sourceTree = "<group>";
		};
		F334F74E260ABB1C00CD5848 /* Cells */ = {
			isa = PBXGroup;
			children = (
				F334F76E260AC1B300CD5848 /* AccountListTVCell.swift */,
				F334F776260AD53000CD5848 /* AccountListTVCell.xib */,
			);
			path = Cells;
			sourceTree = "<group>";
		};
		F334F74F260ABBBB00CD5848 /* Models */ = {
			isa = PBXGroup;
			children = (
				F334F750260ABBDE00CD5848 /* ServiceManager.swift */,
				F334F758260ABC5200CD5848 /* AccountListModel.swift */,
			);
			path = Models;
			sourceTree = "<group>";
		};
		F334F75D260ABD6E00CD5848 /* Utilities */ = {
			isa = PBXGroup;
			children = (
				F334F75E260ABD8800CD5848 /* Reachability.swift */,
				F334F766260ABDD500CD5848 /* Constants.swift */,
				F334F77B260B2FB500CD5848 /* Alert.swift */,
				F334F780260B300000CD5848 /* UIViewController.swift */,
			);
			path = Utilities;
			sourceTree = "<group>";
		};
/* End PBXGroup section */

/* Begin PBXNativeTarget section */
		F334F702260AA90F00CD5848 /* Tranzac */ = {
			isa = PBXNativeTarget;
			buildConfigurationList = F334F72D260AA91000CD5848 /* Build configuration list for PBXNativeTarget "Tranzac" */;
			buildPhases = (
				F334F6FF260AA90F00CD5848 /* Sources */,
				F334F700260AA90F00CD5848 /* Frameworks */,
				F334F701260AA90F00CD5848 /* Resources */,
			);
			buildRules = (
			);
			dependencies = (
			);
			name = Tranzac;
			productName = Tranzac;
			productReference = F334F703260AA90F00CD5848 /* Tranzac.app */;
			productType = "com.apple.product-type.application";
		};
		F334F718260AA91000CD5848 /* TranzacTests */ = {
			isa = PBXNativeTarget;
			buildConfigurationList = F334F730260AA91000CD5848 /* Build configuration list for PBXNativeTarget "TranzacTests" */;
			buildPhases = (
				F334F715260AA91000CD5848 /* Sources */,
				F334F716260AA91000CD5848 /* Frameworks */,
				F334F717260AA91000CD5848 /* Resources */,
			);
			buildRules = (
			);
			dependencies = (
				F334F71B260AA91000CD5848 /* PBXTargetDependency */,
			);
			name = TranzacTests;
			productName = TranzacTests;
			productReference = F334F719260AA91000CD5848 /* TranzacTests.xctest */;
			productType = "com.apple.product-type.bundle.unit-test";
		};
		F334F723260AA91000CD5848 /* TranzacUITests */ = {
			isa = PBXNativeTarget;
			buildConfigurationList = F334F733260AA91000CD5848 /* Build configuration list for PBXNativeTarget "TranzacUITests" */;
			buildPhases = (
				F334F720260AA91000CD5848 /* Sources */,
				F334F721260AA91000CD5848 /* Frameworks */,
				F334F722260AA91000CD5848 /* Resources */,
			);
			buildRules = (
			);
			dependencies = (
				F334F726260AA91000CD5848 /* PBXTargetDependency */,
			);
			name = TranzacUITests;
			productName = TranzacUITests;
			productReference = F334F724260AA91000CD5848 /* TranzacUITests.xctest */;
			productType = "com.apple.product-type.bundle.ui-testing";
		};
/* End PBXNativeTarget section */

/* Begin PBXProject section */
		F334F6FB260AA90F00CD5848 /* Project object */ = {
			isa = PBXProject;
			attributes = {
				LastSwiftUpdateCheck = 1220;
				LastUpgradeCheck = 1220;
				TargetAttributes = {
					F334F702260AA90F00CD5848 = {
						CreatedOnToolsVersion = 12.2;
					};
					F334F718260AA91000CD5848 = {
						CreatedOnToolsVersion = 12.2;
						TestTargetID = F334F702260AA90F00CD5848;
					};
					F334F723260AA91000CD5848 = {
						CreatedOnToolsVersion = 12.2;
						TestTargetID = F334F702260AA90F00CD5848;
					};
				};
			};
			buildConfigurationList = F334F6FE260AA90F00CD5848 /* Build configuration list for PBXProject "Tranzac" */;
			compatibilityVersion = "Xcode 9.3";
			developmentRegion = en;
			hasScannedForEncodings = 0;
			knownRegions = (
				en,
				Base,
			);
			mainGroup = F334F6FA260AA90F00CD5848;
			productRefGroup = F334F704260AA90F00CD5848 /* Products */;
			projectDirPath = "";
			projectRoot = "";
			targets = (
				F334F702260AA90F00CD5848 /* Tranzac */,
				F334F718260AA91000CD5848 /* TranzacTests */,
				F334F723260AA91000CD5848 /* TranzacUITests */,
			);
		};
/* End PBXProject section */

/* Begin PBXResourcesBuildPhase section */
		F334F701260AA90F00CD5848 /* Resources */ = {
			isa = PBXResourcesBuildPhase;
			buildActionMask = 2147483647;
			files = (
				F334F777260AD53000CD5848 /* AccountListTVCell.xib in Resources */,
				F334F713260AA91000CD5848 /* LaunchScreen.storyboard in Resources */,
				F334F710260AA91000CD5848 /* Assets.xcassets in Resources */,
				F334F73A260AA9B700CD5848 /* README.md in Resources */,
				F334F70E260AA90F00CD5848 /* Main.storyboard in Resources */,
			);
			runOnlyForDeploymentPostprocessing = 0;
		};
		F334F717260AA91000CD5848 /* Resources */ = {
			isa = PBXResourcesBuildPhase;
			buildActionMask = 2147483647;
			files = (
			);
			runOnlyForDeploymentPostprocessing = 0;
		};
		F334F722260AA91000CD5848 /* Resources */ = {
			isa = PBXResourcesBuildPhase;
			buildActionMask = 2147483647;
			files = (
			);
			runOnlyForDeploymentPostprocessing = 0;
		};
/* End PBXResourcesBuildPhase section */

/* Begin PBXSourcesBuildPhase section */
		F334F6FF260AA90F00CD5848 /* Sources */ = {
			isa = PBXSourcesBuildPhase;
			buildActionMask = 2147483647;
			files = (
				F334F77C260B2FB500CD5848 /* Alert.swift in Sources */,
				F334F747260ABA8400CD5848 /* TCBankAccountListVC.swift in Sources */,
				F334F707260AA90F00CD5848 /* AppDelegate.swift in Sources */,
				F334F75F260ABD8800CD5848 /* Reachability.swift in Sources */,
				F334F781260B300000CD5848 /* UIViewController.swift in Sources */,
				F334F709260AA90F00CD5848 /* SceneDelegate.swift in Sources */,
				F334F767260ABDD500CD5848 /* Constants.swift in Sources */,
				F334F76F260AC1B300CD5848 /* AccountListTVCell.swift in Sources */,
				F334F759260ABC5200CD5848 /* AccountListModel.swift in Sources */,
				F334F751260ABBDE00CD5848 /* ServiceManager.swift in Sources */,
			);
			runOnlyForDeploymentPostprocessing = 0;
		};
		F334F715260AA91000CD5848 /* Sources */ = {
			isa = PBXSourcesBuildPhase;
			buildActionMask = 2147483647;
			files = (
				F334F71E260AA91000CD5848 /* TranzacTests.swift in Sources */,
			);
			runOnlyForDeploymentPostprocessing = 0;
		};
		F334F720260AA91000CD5848 /* Sources */ = {
			isa = PBXSourcesBuildPhase;
			buildActionMask = 2147483647;
			files = (
				F334F729260AA91000CD5848 /* TranzacUITests.swift in Sources */,
			);
			runOnlyForDeploymentPostprocessing = 0;
		};
/* End PBXSourcesBuildPhase section */

/* Begin PBXTargetDependency section */
		F334F71B260AA91000CD5848 /* PBXTargetDependency */ = {
			isa = PBXTargetDependency;
			target = F334F702260AA90F00CD5848 /* Tranzac */;
			targetProxy = F334F71A260AA91000CD5848 /* PBXContainerItemProxy */;
		};
		F334F726260AA91000CD5848 /* PBXTargetDependency */ = {
			isa = PBXTargetDependency;
			target = F334F702260AA90F00CD5848 /* Tranzac */;
			targetProxy = F334F725260AA91000CD5848 /* PBXContainerItemProxy */;
		};
/* End PBXTargetDependency section */

/* Begin PBXVariantGroup section */
		F334F70C260AA90F00CD5848 /* Main.storyboard */ = {
			isa = PBXVariantGroup;
			children = (
				F334F70D260AA90F00CD5848 /* Base */,
			);
			name = Main.storyboard;
			sourceTree = "<group>";
		};
		F334F711260AA91000CD5848 /* LaunchScreen.storyboard */ = {
			isa = PBXVariantGroup;
			children = (
				F334F712260AA91000CD5848 /* Base */,
			);
			name = LaunchScreen.storyboard;
			sourceTree = "<group>";
		};
/* End PBXVariantGroup section */

/* Begin XCBuildConfiguration section */
		F334F72B260AA91000CD5848 /* Debug */ = {
			isa = XCBuildConfiguration;
			buildSettings = {
				ALWAYS_SEARCH_USER_PATHS = NO;
				CLANG_ANALYZER_NONNULL = YES;
				CLANG_ANALYZER_NUMBER_OBJECT_CONVERSION = YES_AGGRESSIVE;
				CLANG_CXX_LANGUAGE_STANDARD = "gnu++14";
				CLANG_CXX_LIBRARY = "libc++";
				CLANG_ENABLE_MODULES = YES;
				CLANG_ENABLE_OBJC_ARC = YES;
				CLANG_ENABLE_OBJC_WEAK = YES;
				CLANG_WARN_BLOCK_CAPTURE_AUTORELEASING = YES;
				CLANG_WARN_BOOL_CONVERSION = YES;
				CLANG_WARN_COMMA = YES;
				CLANG_WARN_CONSTANT_CONVERSION = YES;
				CLANG_WARN_DEPRECATED_OBJC_IMPLEMENTATIONS = YES;
				CLANG_WARN_DIRECT_OBJC_ISA_USAGE = YES_ERROR;
				CLANG_WARN_DOCUMENTATION_COMMENTS = YES;
				CLANG_WARN_EMPTY_BODY = YES;
				CLANG_WARN_ENUM_CONVERSION = YES;
				CLANG_WARN_INFINITE_RECURSION = YES;
				CLANG_WARN_INT_CONVERSION = YES;
				CLANG_WARN_NON_LITERAL_NULL_CONVERSION = YES;
				CLANG_WARN_OBJC_IMPLICIT_RETAIN_SELF = YES;
				CLANG_WARN_OBJC_LITERAL_CONVERSION = YES;
				CLANG_WARN_OBJC_ROOT_CLASS = YES_ERROR;
				CLANG_WARN_QUOTED_INCLUDE_IN_FRAMEWORK_HEADER = YES;
				CLANG_WARN_RANGE_LOOP_ANALYSIS = YES;
				CLANG_WARN_STRICT_PROTOTYPES = YES;
				CLANG_WARN_SUSPICIOUS_MOVE = YES;
				CLANG_WARN_UNGUARDED_AVAILABILITY = YES_AGGRESSIVE;
				CLANG_WARN_UNREACHABLE_CODE = YES;
				CLANG_WARN__DUPLICATE_METHOD_MATCH = YES;
				COPY_PHASE_STRIP = NO;
				DEBUG_INFORMATION_FORMAT = dwarf;
				ENABLE_STRICT_OBJC_MSGSEND = YES;
				ENABLE_TESTABILITY = YES;
				GCC_C_LANGUAGE_STANDARD = gnu11;
				GCC_DYNAMIC_NO_PIC = NO;
				GCC_NO_COMMON_BLOCKS = YES;
				GCC_OPTIMIZATION_LEVEL = 0;
				GCC_PREPROCESSOR_DEFINITIONS = (
					"DEBUG=1",
					"$(inherited)",
				);
				GCC_WARN_64_TO_32_BIT_CONVERSION = YES;
				GCC_WARN_ABOUT_RETURN_TYPE = YES_ERROR;
				GCC_WARN_UNDECLARED_SELECTOR = YES;
				GCC_WARN_UNINITIALIZED_AUTOS = YES_AGGRESSIVE;
				GCC_WARN_UNUSED_FUNCTION = YES;
				GCC_WARN_UNUSED_VARIABLE = YES;
				IPHONEOS_DEPLOYMENT_TARGET = 14.2;
				MTL_ENABLE_DEBUG_INFO = INCLUDE_SOURCE;
				MTL_FAST_MATH = YES;
				ONLY_ACTIVE_ARCH = YES;
				SDKROOT = iphoneos;
				SWIFT_ACTIVE_COMPILATION_CONDITIONS = DEBUG;
				SWIFT_OPTIMIZATION_LEVEL = "-Onone";
			};
			name = Debug;
		};
		F334F72C260AA91000CD5848 /* Release */ = {
			isa = XCBuildConfiguration;
			buildSettings = {
				ALWAYS_SEARCH_USER_PATHS = NO;
				CLANG_ANALYZER_NONNULL = YES;
				CLANG_ANALYZER_NUMBER_OBJECT_CONVERSION = YES_AGGRESSIVE;
				CLANG_CXX_LANGUAGE_STANDARD = "gnu++14";
				CLANG_CXX_LIBRARY = "libc++";
				CLANG_ENABLE_MODULES = YES;
				CLANG_ENABLE_OBJC_ARC = YES;
				CLANG_ENABLE_OBJC_WEAK = YES;
				CLANG_WARN_BLOCK_CAPTURE_AUTORELEASING = YES;
				CLANG_WARN_BOOL_CONVERSION = YES;
				CLANG_WARN_COMMA = YES;
				CLANG_WARN_CONSTANT_CONVERSION = YES;
				CLANG_WARN_DEPRECATED_OBJC_IMPLEMENTATIONS = YES;
				CLANG_WARN_DIRECT_OBJC_ISA_USAGE = YES_ERROR;
				CLANG_WARN_DOCUMENTATION_COMMENTS = YES;
				CLANG_WARN_EMPTY_BODY = YES;
				CLANG_WARN_ENUM_CONVERSION = YES;
				CLANG_WARN_INFINITE_RECURSION = YES;
				CLANG_WARN_INT_CONVERSION = YES;
				CLANG_WARN_NON_LITERAL_NULL_CONVERSION = YES;
				CLANG_WARN_OBJC_IMPLICIT_RETAIN_SELF = YES;
				CLANG_WARN_OBJC_LITERAL_CONVERSION = YES;
				CLANG_WARN_OBJC_ROOT_CLASS = YES_ERROR;
				CLANG_WARN_QUOTED_INCLUDE_IN_FRAMEWORK_HEADER = YES;
				CLANG_WARN_RANGE_LOOP_ANALYSIS = YES;
				CLANG_WARN_STRICT_PROTOTYPES = YES;
				CLANG_WARN_SUSPICIOUS_MOVE = YES;
				CLANG_WARN_UNGUARDED_AVAILABILITY = YES_AGGRESSIVE;
				CLANG_WARN_UNREACHABLE_CODE = YES;
				CLANG_WARN__DUPLICATE_METHOD_MATCH = YES;
				COPY_PHASE_STRIP = NO;
				DEBUG_INFORMATION_FORMAT = "dwarf-with-dsym";
				ENABLE_NS_ASSERTIONS = NO;
				ENABLE_STRICT_OBJC_MSGSEND = YES;
				GCC_C_LANGUAGE_STANDARD = gnu11;
				GCC_NO_COMMON_BLOCKS = YES;
				GCC_WARN_64_TO_32_BIT_CONVERSION = YES;
				GCC_WARN_ABOUT_RETURN_TYPE = YES_ERROR;
				GCC_WARN_UNDECLARED_SELECTOR = YES;
				GCC_WARN_UNINITIALIZED_AUTOS = YES_AGGRESSIVE;
				GCC_WARN_UNUSED_FUNCTION = YES;
				GCC_WARN_UNUSED_VARIABLE = YES;
				IPHONEOS_DEPLOYMENT_TARGET = 14.2;
				MTL_ENABLE_DEBUG_INFO = NO;
				MTL_FAST_MATH = YES;
				SDKROOT = iphoneos;
				SWIFT_COMPILATION_MODE = wholemodule;
				SWIFT_OPTIMIZATION_LEVEL = "-O";
				VALIDATE_PRODUCT = YES;
			};
			name = Release;
		};
		F334F72E260AA91000CD5848 /* Debug */ = {
			isa = XCBuildConfiguration;
			buildSettings = {
				ASSETCATALOG_COMPILER_APPICON_NAME = AppIcon;
				ASSETCATALOG_COMPILER_GLOBAL_ACCENT_COLOR_NAME = AccentColor;
				CODE_SIGN_STYLE = Automatic;
				DEVELOPMENT_TEAM = T3BYTBR63S;
				INFOPLIST_FILE = Tranzac/Info.plist;
				IPHONEOS_DEPLOYMENT_TARGET = 13.0;
				LD_RUNPATH_SEARCH_PATHS = (
					"$(inherited)",
					"@executable_path/Frameworks",
				);
				PRODUCT_BUNDLE_IDENTIFIER = com.hs.Tranzac;
				PRODUCT_NAME = "$(TARGET_NAME)";
				SWIFT_VERSION = 5.0;
				TARGETED_DEVICE_FAMILY = "1,2";
			};
			name = Debug;
		};
		F334F72F260AA91000CD5848 /* Release */ = {
			isa = XCBuildConfiguration;
			buildSettings = {
				ASSETCATALOG_COMPILER_APPICON_NAME = AppIcon;
				ASSETCATALOG_COMPILER_GLOBAL_ACCENT_COLOR_NAME = AccentColor;
				CODE_SIGN_STYLE = Automatic;
				DEVELOPMENT_TEAM = T3BYTBR63S;
				INFOPLIST_FILE = Tranzac/Info.plist;
				IPHONEOS_DEPLOYMENT_TARGET = 13.0;
				LD_RUNPATH_SEARCH_PATHS = (
					"$(inherited)",
					"@executable_path/Frameworks",
				);
				PRODUCT_BUNDLE_IDENTIFIER = com.hs.Tranzac;
				PRODUCT_NAME = "$(TARGET_NAME)";
				SWIFT_VERSION = 5.0;
				TARGETED_DEVICE_FAMILY = "1,2";
			};
			name = Release;
		};
		F334F731260AA91000CD5848 /* Debug */ = {
			isa = XCBuildConfiguration;
			buildSettings = {
				ALWAYS_EMBED_SWIFT_STANDARD_LIBRARIES = YES;
				BUNDLE_LOADER = "$(TEST_HOST)";
				CODE_SIGN_STYLE = Automatic;
				DEVELOPMENT_TEAM = T3BYTBR63S;
				INFOPLIST_FILE = TranzacTests/Info.plist;
				IPHONEOS_DEPLOYMENT_TARGET = 14.2;
				LD_RUNPATH_SEARCH_PATHS = (
					"$(inherited)",
					"@executable_path/Frameworks",
					"@loader_path/Frameworks",
				);
				PRODUCT_BUNDLE_IDENTIFIER = com.hs.TranzacTests;
				PRODUCT_NAME = "$(TARGET_NAME)";
				SWIFT_VERSION = 5.0;
				TARGETED_DEVICE_FAMILY = "1,2";
				TEST_HOST = "$(BUILT_PRODUCTS_DIR)/Tranzac.app/Tranzac";
			};
			name = Debug;
		};
		F334F732260AA91000CD5848 /* Release */ = {
			isa = XCBuildConfiguration;
			buildSettings = {
				ALWAYS_EMBED_SWIFT_STANDARD_LIBRARIES = YES;
				BUNDLE_LOADER = "$(TEST_HOST)";
				CODE_SIGN_STYLE = Automatic;
				DEVELOPMENT_TEAM = T3BYTBR63S;
				INFOPLIST_FILE = TranzacTests/Info.plist;
				IPHONEOS_DEPLOYMENT_TARGET = 14.2;
				LD_RUNPATH_SEARCH_PATHS = (
					"$(inherited)",
					"@executable_path/Frameworks",
					"@loader_path/Frameworks",
				);
				PRODUCT_BUNDLE_IDENTIFIER = com.hs.TranzacTests;
				PRODUCT_NAME = "$(TARGET_NAME)";
				SWIFT_VERSION = 5.0;
				TARGETED_DEVICE_FAMILY = "1,2";
				TEST_HOST = "$(BUILT_PRODUCTS_DIR)/Tranzac.app/Tranzac";
			};
			name = Release;
		};
		F334F734260AA91000CD5848 /* Debug */ = {
			isa = XCBuildConfiguration;
			buildSettings = {
				ALWAYS_EMBED_SWIFT_STANDARD_LIBRARIES = YES;
				CODE_SIGN_STYLE = Automatic;
				DEVELOPMENT_TEAM = T3BYTBR63S;
				INFOPLIST_FILE = TranzacUITests/Info.plist;
				LD_RUNPATH_SEARCH_PATHS = (
					"$(inherited)",
					"@executable_path/Frameworks",
					"@loader_path/Frameworks",
				);
				PRODUCT_BUNDLE_IDENTIFIER = com.hs.TranzacUITests;
				PRODUCT_NAME = "$(TARGET_NAME)";
				SWIFT_VERSION = 5.0;
				TARGETED_DEVICE_FAMILY = "1,2";
				TEST_TARGET_NAME = Tranzac;
			};
			name = Debug;
		};
		F334F735260AA91000CD5848 /* Release */ = {
			isa = XCBuildConfiguration;
			buildSettings = {
				ALWAYS_EMBED_SWIFT_STANDARD_LIBRARIES = YES;
				CODE_SIGN_STYLE = Automatic;
				DEVELOPMENT_TEAM = T3BYTBR63S;
				INFOPLIST_FILE = TranzacUITests/Info.plist;
				LD_RUNPATH_SEARCH_PATHS = (
					"$(inherited)",
					"@executable_path/Frameworks",
					"@loader_path/Frameworks",
				);
				PRODUCT_BUNDLE_IDENTIFIER = com.hs.TranzacUITests;
				PRODUCT_NAME = "$(TARGET_NAME)";
				SWIFT_VERSION = 5.0;
				TARGETED_DEVICE_FAMILY = "1,2";
				TEST_TARGET_NAME = Tranzac;
			};
			name = Release;
		};
/* End XCBuildConfiguration section */

/* Begin XCConfigurationList section */
		F334F6FE260AA90F00CD5848 /* Build configuration list for PBXProject "Tranzac" */ = {
			isa = XCConfigurationList;
			buildConfigurations = (
				F334F72B260AA91000CD5848 /* Debug */,
				F334F72C260AA91000CD5848 /* Release */,
			);
			defaultConfigurationIsVisible = 0;
			defaultConfigurationName = Release;
		};
		F334F72D260AA91000CD5848 /* Build configuration list for PBXNativeTarget "Tranzac" */ = {
			isa = XCConfigurationList;
			buildConfigurations = (
				F334F72E260AA91000CD5848 /* Debug */,
				F334F72F260AA91000CD5848 /* Release */,
			);
			defaultConfigurationIsVisible = 0;
			defaultConfigurationName = Release;
		};
		F334F730260AA91000CD5848 /* Build configuration list for PBXNativeTarget "TranzacTests" */ = {
			isa = XCConfigurationList;
			buildConfigurations = (
				F334F731260AA91000CD5848 /* Debug */,
				F334F732260AA91000CD5848 /* Release */,
			);
			defaultConfigurationIsVisible = 0;
			defaultConfigurationName = Release;
		};
		F334F733260AA91000CD5848 /* Build configuration list for PBXNativeTarget "TranzacUITests" */ = {
			isa = XCConfigurationList;
			buildConfigurations = (
				F334F734260AA91000CD5848 /* Debug */,
				F334F735260AA91000CD5848 /* Release */,
			);
			defaultConfigurationIsVisible = 0;
			defaultConfigurationName = Release;
		};
/* End XCConfigurationList section */
	};
	rootObject = F334F6FB260AA90F00CD5848 /* Project object */;
}
